
Microsoft Visual Studio Solution File, Format Version 12.00
# Visual Studio Version 17
VisualStudioVersion = 17.2.32616.157
MinimumVisualStudioVersion = 10.0.40219.1
Project("{FAE04EC0-301F-11D3-BF4B-00C04F79EFBC}") = "AppUsers.Web", "AppUsers.Web\AppUsers.Web.csproj", "{48D43EF4-2E45-4DDD-8F54-889D5A6A697B}"
EndProject
Project("{FAE04EC0-301F-11D3-BF4B-00C04F79EFBC}") = "AppUsers.Domain", "AppUsers.Domain\AppUsers.Domain.csproj", "{EBB06CB5-9C4B-4E71-8E6A-C8AE6FCB6808}"
EndProject
Project("{FAE04EC0-301F-11D3-BF4B-00C04F79EFBC}") = "AppUsers.Domain.Interfaces", "AppUsers.Domain.Core\AppUsers.Domain.Interfaces.csproj", "{79C884B5-3C10-4CA9-8C1B-E1EB7E30B8F6}"
EndProject
Project("{FAE04EC0-301F-11D3-BF4B-00C04F79EFBC}") = "AppUsers.Domain.Infra", "AppUsers.Domain.Infra\AppUsers.Domain.Infra.csproj", "{DBA05C01-27E7-4BFD-B556-0DA936476F7A}"
EndProject
Project("{FAE04EC0-301F-11D3-BF4B-00C04F79EFBC}") = "AppUsers.Domain.Services", "AppUsers.Domain.Services\AppUsers.Domain.Services.csproj", "{B6171BC0-890D-49DF-87BD-B8BB0847C195}"
EndProject
Global
	GlobalSection(SolutionConfigurationPlatforms) = preSolution
		Debug|Any CPU = Debug|Any CPU
		Release|Any CPU = Release|Any CPU
	EndGlobalSection
	GlobalSection(ProjectConfigurationPlatforms) = postSolution
		{48D43EF4-2E45-4DDD-8F54-889D5A6A697B}.Debug|Any CPU.ActiveCfg = Debug|Any CPU
		{48D43EF4-2E45-4DDD-8F54-889D5A6A697B}.Debug|Any CPU.Build.0 = Debug|Any CPU
		{48D43EF4-2E45-4DDD-8F54-889D5A6A697B}.Release|Any CPU.ActiveCfg = Release|Any CPU
		{48D43EF4-2E45-4DDD-8F54-889D5A6A697B}.Release|Any CPU.Build.0 = Release|Any CPU
		{EBB06CB5-9C4B-4E71-8E6A-C8AE6FCB6808}.Debug|Any CPU.ActiveCfg = Debug|Any CPU
		{EBB06CB5-9C4B-4E71-8E6A-C8AE6FCB6808}.Debug|Any CPU.Build.0 = Debug|Any CPU
		{EBB06CB5-9C4B-4E71-8E6A-C8AE6FCB6808}.Release|Any CPU.ActiveCfg = Release|Any CPU
		{EBB06CB5-9C4B-4E71-8E6A-C8AE6FCB6808}.Release|Any CPU.Build.0 = Release|Any CPU
		{79C884B5-3C10-4CA9-8C1B-E1EB7E30B8F6}.Debug|Any CPU.ActiveCfg = Debug|Any CPU
		{79C884B5-3C10-4CA9-8C1B-E1EB7E30B8F6}.Debug|Any CPU.Build.0 = Debug|Any CPU
		{79C884B5-3C10-4CA9-8C1B-E1EB7E30B8F6}.Release|Any CPU.ActiveCfg = Release|Any CPU
		{79C884B5-3C10-4CA9-8C1B-E1EB7E30B8F6}.Release|Any CPU.Build.0 = Release|Any CPU
		{DBA05C01-27E7-4BFD-B556-0DA936476F7A}.Debug|Any CPU.ActiveCfg = Debug|Any CPU
		{DBA05C01-27E7-4BFD-B556-0DA936476F7A}.Debug|Any CPU.Build.0 = Debug|Any CPU
		{DBA05C01-27E7-4BFD-B556-0DA936476F7A}.Release|Any CPU.ActiveCfg = Release|Any CPU
		{DBA05C01-27E7-4BFD-B556-0DA936476F7A}.Release|Any CPU.Build.0 = Release|Any CPU
		{B6171BC0-890D-49DF-87BD-B8BB0847C195}.Debug|Any CPU.ActiveCfg = Debug|Any CPU
		{B6171BC0-890D-49DF-87BD-B8BB0847C195}.Debug|Any CPU.Build.0 = Debug|Any CPU
		{B6171BC0-890D-49DF-87BD-B8BB0847C195}.Release|Any CPU.ActiveCfg = Release|Any CPU
		{B6171BC0-890D-49DF-87BD-B8BB0847C195}.Release|Any CPU.Build.0 = Release|Any CPU
	EndGlobalSection
	GlobalSection(SolutionProperties) = preSolution
		HideSolutionNode = FALSE
	EndGlobalSection
	GlobalSection(ExtensibilityGlobals) = postSolution
		SolutionGuid = {9DDD56B9-A0B2-42F7-81AA-1D5A3AA1A804}
	EndGlobalSection
EndGlobal
